
Microsoft Visual Studio Solution File, Format Version 12.00
Project("{FAE04EC0-301F-11D3-BF4B-00C04F79EFBC}") = "Bookings.Domain", "src\Bookings.Domain\Bookings.Domain.csproj", "{D253B830-724E-4D7A-BA2D-E216B035FEA8}"
EndProject
Project("{2150E333-8FDC-42A3-9474-1A3956D46DE8}") = "Shared", "Shared", "{308359A5-572A-44B5-9541-7AEC7F73DE17}"
EndProject
Project("{FAE04EC0-301F-11D3-BF4B-00C04F79EFBC}") = "Bookings.Shared.Abstractions", "src\Bookings.Shared.Abstractions\Bookings.Shared.Abstractions.csproj", "{82E41623-13A8-457E-8F91-33ACB9193B85}"
EndProject
Global
	GlobalSection(SolutionConfigurationPlatforms) = preSolution
		Debug|Any CPU = Debug|Any CPU
		Release|Any CPU = Release|Any CPU
	EndGlobalSection
	GlobalSection(ProjectConfigurationPlatforms) = postSolution
		{D253B830-724E-4D7A-BA2D-E216B035FEA8}.Debug|Any CPU.ActiveCfg = Debug|Any CPU
		{D253B830-724E-4D7A-BA2D-E216B035FEA8}.Debug|Any CPU.Build.0 = Debug|Any CPU
		{D253B830-724E-4D7A-BA2D-E216B035FEA8}.Release|Any CPU.ActiveCfg = Release|Any CPU
		{D253B830-724E-4D7A-BA2D-E216B035FEA8}.Release|Any CPU.Build.0 = Release|Any CPU
		{82E41623-13A8-457E-8F91-33ACB9193B85}.Debug|Any CPU.ActiveCfg = Debug|Any CPU
		{82E41623-13A8-457E-8F91-33ACB9193B85}.Debug|Any CPU.Build.0 = Debug|Any CPU
		{82E41623-13A8-457E-8F91-33ACB9193B85}.Release|Any CPU.ActiveCfg = Release|Any CPU
		{82E41623-13A8-457E-8F91-33ACB9193B85}.Release|Any CPU.Build.0 = Release|Any CPU
	EndGlobalSection
	GlobalSection(NestedProjects) = preSolution
		{82E41623-13A8-457E-8F91-33ACB9193B85} = {308359A5-572A-44B5-9541-7AEC7F73DE17}
	EndGlobalSection
EndGlobal
